{
  "name": "qa-cypress-qualeagiria",
  "version": "1.0.0",
  "description": "Teste técnico QA - automação simples com Cypress para qualeagiria.com.br",
  "scripts": {
    "cy:open": "cypress open",
    "cy:run": "cypress run",
    "test": "cypress run"
  },
  "devDependencies": {
    "cypress": "^13.0.0"
  }
}